# This file is autogenerated, do not edit; changes may be undone by the next 'dep ensure'.


[[projects]]
  name = "github.com/ajg/form"
  packages = ["."]
  revision = "cc2954064ec9ea8d93917f0f87456e11d7b881ad"
  version = "v1.5"

[[projects]]
  branch = "master"
  name = "github.com/alecthomas/template"
  packages = [
    ".",
    "parse"
  ]
  revision = "a0175ee3bccc567396460bf5acd36800cb10c49c"

[[projects]]
  branch = "master"
  name = "github.com/alecthomas/units"
  packages = ["."]
  revision = "2efee857e7cfd4f3d0138cc3cbb1b4966962b93a"

[[projects]]
  branch = "master"
  name = "github.com/armon/go-metrics"
  packages = ["."]
  revision = "f0300d1749da6fa982027e449ec0c7a145510c3c"

[[projects]]
  branch = "master"
  name = "github.com/beorn7/perks"
  packages = ["quantile"]
  revision = "3a771d992973f24aa725d07868b467d1ddfceafb"

[[projects]]
  name = "github.com/certifi/gocertifi"
  packages = ["."]
  revision = "deb3ae2ef2610fde3330947281941c562861188b"
  version = "2018.01.18"

[[projects]]
  branch = "master"
  name = "github.com/chmouel/fresh"
  packages = [
    ".",
    "runner"
  ]
  revision = "9dfc5b499a0576f13333039a32f5ca9693d4d0dc"

[[projects]]
  name = "github.com/davecgh/go-spew"
  packages = ["spew"]
  revision = "8991bc29aa16c548c550c7ff78260e27b9ab7c73"
  version = "v1.1.1"

[[projects]]
  name = "github.com/dgrijalva/jwt-go"
  packages = ["."]
  revision = "06ea1031745cb8b3dab3f6a236daf2b0aa468b7e"
  version = "v3.2.0"

[[projects]]
  branch = "master"
  name = "github.com/dimfeld/httppath"
  packages = ["."]
  revision = "ee938bf735983d53694d79138ad9820efff94c92"

[[projects]]
  name = "github.com/dimfeld/httptreemux"
  packages = ["."]
  revision = "7f532489e7739b3d49df5c602bf63549881fe753"
  version = "v5.0.1"

[[projects]]
  branch = "master"
  name = "github.com/fabric8-services/fabric8-auth"
  packages = ["resource"]
  revision = "5ee62db0407251e886859cb2681876dfb44f64bb"

[[projects]]
  name = "github.com/fabric8-services/fabric8-common"
  packages = [
    "configuration",
    "convert",
    "errors",
    "goamiddleware",
    "goasupport",
    "goasupport/jsonapi_errors_helpers",
    "goasupport/status",
    "gormsupport",
    "httpsupport",
    "log",
    "metric",
    "migration",
    "resource",
    "sentry",
    "test/auth",
    "test/suite",
    "token",
    "token/jwk"
  ]
  revision = "45960af9689499e9f5e5a4ebd142a8189a19ca1e"

[[projects]]
  name = "github.com/fabric8-services/fabric8-env"
  packages = ["design"]
  revision = "f81e3120df92f20cca3c06d98d03e2e83cd15862"

[[projects]]
  name = "github.com/fabric8-services/fabric8-wit"
  packages = ["design"]
  revision = "b59d0dc8ae9b2bfea1fb5dc6ff3552c42b735756"

[[projects]]
  name = "github.com/fsnotify/fsnotify"
  packages = ["."]
  revision = "c2828203cd70a50dcccfb2761f8b1f8ceef9a8e9"
  version = "v1.4.7"

[[projects]]
  name = "github.com/getsentry/raven-go"
  packages = ["."]
  revision = "084a9de9eb0361fbd5ded14b55c84e5493a5d7f6"

[[projects]]
  name = "github.com/goadesign/goa"
  packages = [
    ".",
    "client",
    "cors",
    "design",
    "design/apidsl",
    "dslengine",
    "encoding/form",
    "goagen",
    "goagen/codegen",
    "goagen/gen_app",
    "goagen/gen_client",
    "goagen/gen_controller",
    "goagen/gen_js",
    "goagen/gen_main",
    "goagen/gen_schema",
    "goagen/gen_swagger",
    "goagen/meta",
    "goagen/utils",
    "goatest",
    "logging/logrus",
    "middleware",
    "middleware/gzip",
    "middleware/security/jwt",
    "uuid",
    "version"
  ]
  revision = "5646a430cdeb66983d5ace3384e0a667c185abc7"
  version = "v1.3.0"

[[projects]]
  name = "github.com/golang/protobuf"
  packages = ["proto"]
  revision = "aa810b61a9c79d51363740d207bb46cf8e620ed5"
  version = "v1.2.0"

[[projects]]
  name = "github.com/google/gops"
  packages = [
    "agent",
    "internal",
    "signal"
  ]
  revision = "89672dbe3c4ba97d53af7e839e8097e1ccbb4977"
  version = "v0.3.5"

[[projects]]
  name = "github.com/hashicorp/go-immutable-radix"
  packages = ["."]
  revision = "27df80928bb34bb1b0d6d0e01b9e679902e7a6b5"
  version = "v1.0.0"

[[projects]]
  name = "github.com/hashicorp/golang-lru"
  packages = ["simplelru"]
  revision = "20f1fb78b0740ba8c3cb143a61e86ba5c8669768"
  version = "v0.5.0"

[[projects]]
  name = "github.com/hashicorp/hcl"
  packages = [
    ".",
    "hcl/ast",
    "hcl/parser",
    "hcl/printer",
    "hcl/scanner",
    "hcl/strconv",
    "hcl/token",
    "json/parser",
    "json/scanner",
    "json/token"
  ]
  revision = "8cb6e5b959231cc1119e43259c4a608f9c51a241"
  version = "v1.0.0"

[[projects]]
  branch = "master"
  name = "github.com/haya14busa/goverage"
  packages = ["."]
  revision = "eec3514a20b55dca311300eeb08fe5c8ab9ab781"

[[projects]]
  name = "github.com/howeyc/fsnotify"
  packages = ["."]
  revision = "441bbc86b167f3c1f4786afae9931403b99fdacf"
  version = "v0.9.0"

[[projects]]
  name = "github.com/inconshreveable/mousetrap"
  packages = ["."]
  revision = "76626ae9c91c4f2a10f34cad8ce83ea42c93bb75"
  version = "v1.0"

[[projects]]
  name = "github.com/jinzhu/gorm"
  packages = ["."]
  revision = "6ed508ec6a4ecb3531899a69cbc746ccf65a4166"
  version = "v1.9.1"

[[projects]]
  branch = "master"
  name = "github.com/jinzhu/inflection"
  packages = ["."]
  revision = "04140366298a54a039076d798123ffa108fff46c"

[[projects]]
  name = "github.com/jteeuwen/go-bindata"
  packages = [
    ".",
    "go-bindata"
  ]
  revision = "bbd0c6e271208dce66d8fda4bc536453cd27fc4a"
  version = "v3.0.7"

[[projects]]
  branch = "master"
  name = "github.com/kardianos/osext"
  packages = ["."]
  revision = "ae77be60afb1dcacde03767a8c37337fad28ac14"

[[projects]]
  name = "github.com/lib/pq"
  packages = [
    ".",
    "oid"
  ]
  revision = "4ded0e9383f75c197b3a2aaa6d590ac52df6fd79"
  version = "v1.0.0"

[[projects]]
  name = "github.com/magiconair/properties"
  packages = ["."]
  revision = "c2353362d570a7bfa228149c62842019201cfb71"
  version = "v1.8.0"

[[projects]]
  branch = "master"
  name = "github.com/manveru/faker"
  packages = ["."]
  revision = "9fbc68a78c4dbc7914e1a23f88f126bea4383b97"

[[projects]]
  name = "github.com/mattn/go-colorable"
  packages = ["."]
  revision = "167de6bfdfba052fa6b2d3664c8f5272e23c9072"
  version = "v0.0.9"

[[projects]]
  name = "github.com/mattn/go-isatty"
  packages = ["."]
  revision = "6ca4dbf54d38eea1a992b3c722a76a5d1c4cb25c"
  version = "v0.0.4"

[[projects]]
  name = "github.com/matttproud/golang_protobuf_extensions"
  packages = ["pbutil"]
  revision = "c12348ce28de40eed0136aa2b644d0ee0650e56c"
  version = "v1.0.1"

[[projects]]
  name = "github.com/mitchellh/mapstructure"
  packages = ["."]
  revision = "3536a929edddb9a5b34bd6861dc4a9647cb459fe"
  version = "v1.1.2"

[[projects]]
  name = "github.com/pelletier/go-toml"
  packages = ["."]
  revision = "c01d1270ff3e442a8a57cddc1c92dc1138598194"
  version = "v1.2.0"

[[projects]]
  branch = "master"
  name = "github.com/pilu/config"
  packages = ["."]
  revision = "3eb99e6c0b9a2dae0f56f05552c06ca5a643919b"

[[projects]]
  name = "github.com/pkg/errors"
  packages = ["."]
  revision = "645ef00459ed84a119197bfb8d8205042c6df63d"
  version = "v0.8.0"

[[projects]]
  name = "github.com/pmezard/go-difflib"
  packages = ["difflib"]
  revision = "792786c7400a136282c1664665ae0a8db921c6c2"
  version = "v1.0.0"

[[projects]]
  name = "github.com/prometheus/client_golang"
  packages = [
    "prometheus",
    "prometheus/promhttp"
  ]
  revision = "c5b7fccd204277076155f10851dad72b76a49317"
  version = "v0.8.0"

[[projects]]
  branch = "master"
  name = "github.com/prometheus/client_model"
  packages = ["go"]
  revision = "5c3871d89910bfb32f5fcab2aa4b9ec68e65a99f"

[[projects]]
  branch = "master"
  name = "github.com/prometheus/common"
  packages = [
    "expfmt",
    "internal/bitbucket.org/ww/goautoneg",
    "log",
    "model"
  ]
  revision = "41aa239b4cce3c56ab88fc366ae8b0a6423fa239"

[[projects]]
  branch = "master"
  name = "github.com/prometheus/procfs"
  packages = [
    ".",
    "internal/util",
    "nfs",
    "xfs"
  ]
  revision = "185b4288413d2a0dd0806f78c90dde719829e5ae"

[[projects]]
  name = "github.com/satori/go.uuid"
  packages = ["."]
  revision = "f58768cc1a7a7e77a3bd49e98cdd21419399b6a3"
  version = "v1.2.0"

[[projects]]
  name = "github.com/sirupsen/logrus"
  packages = ["."]
  revision = "ba1b36c82c5e05c4f912a88eab0dcd91a171688f"
  version = "v0.11.5"

[[projects]]
  name = "github.com/spf13/afero"
  packages = [
    ".",
    "mem"
  ]
  revision = "d40851caa0d747393da1ffb28f7f9d8b4eeffebd"
  version = "v1.1.2"

[[projects]]
  name = "github.com/spf13/cast"
  packages = ["."]
  revision = "8c9545af88b134710ab1cd196795e7f2388358d7"
  version = "v1.3.0"

[[projects]]
  name = "github.com/spf13/cobra"
  packages = ["."]
  revision = "ef82de70bb3f60c65fb8eebacbb2d122ef517385"
  version = "v0.0.3"

[[projects]]
  name = "github.com/spf13/jwalterweatherman"
  packages = ["."]
  revision = "4a4406e478ca629068e7768fc33f3f044173c0a6"
  version = "v1.0.0"

[[projects]]
  name = "github.com/spf13/pflag"
  packages = ["."]
  revision = "298182f68c66c05229eb03ac171abe6e309ee79a"
  version = "v1.0.3"

[[projects]]
  name = "github.com/spf13/viper"
  packages = ["."]
  revision = "2c12c60302a5a0e62ee102ca9bc996277c2f64f5"
  version = "v1.2.1"

[[projects]]
  name = "github.com/stretchr/testify"
  packages = [
    "assert",
    "require",
    "suite"
  ]
  revision = "f35b8ab0b5a2cef36673838d662e249dd9c94686"
  version = "v1.2.2"

[[projects]]
  branch = "master"
  name = "github.com/zach-klippenstein/goregen"
  packages = ["."]
  revision = "795b5e3961ea1912fde60af417ad85e86acc0d6a"

[[projects]]
  branch = "master"
  name = "golang.org/x/crypto"
  packages = [
    "ed25519",
    "ed25519/internal/edwards25519",
    "pbkdf2"
  ]
  revision = "3d3f9f413869b949e48070b5bc593aa22cc2b8f2"

[[projects]]
  branch = "master"
  name = "golang.org/x/net"
  packages = ["websocket"]
  revision = "88d92db4c548972d942ac2a3531a8a9a34c82ca6"

[[projects]]
  branch = "master"
  name = "golang.org/x/sys"
  packages = [
    "unix",
    "windows",
    "windows/registry",
    "windows/svc/eventlog"
  ]
  revision = "66b7b1311ac80bbafcd2daeef9a5e6e2cd1e2399"

[[projects]]
  name = "golang.org/x/text"
  packages = [
    "internal/gen",
    "internal/triegen",
    "internal/ucd",
    "transform",
    "unicode/cldr",
    "unicode/norm"
  ]
  revision = "f21a4dfb5e38f5895301dc265a8def02365cc3d0"
  version = "v0.3.0"

[[projects]]
  branch = "master"
  name = "golang.org/x/tools"
  packages = [
    "cover",
    "go/ast/astutil"
  ]
  revision = "7e59e591a2617a3067db5fe2fe8e903b4c1b10cc"

[[projects]]
  name = "gopkg.in/alecthomas/kingpin.v2"
  packages = ["."]
  revision = "947dcec5ba9c011838740e680966fd7087a71d0d"
  version = "v2.2.6"

[[projects]]
  name = "gopkg.in/h2non/gock.v1"
  packages = ["."]
  revision = "master"

[[projects]]
  name = "gopkg.in/square/go-jose.v2"
  packages = [
    ".",
    "cipher",
    "json"
  ]
  revision = "ef984e69dd356202fd4e4910d4d9c24468bdf0b8"
  version = "v2.1.9"

[[projects]]
  name = "gopkg.in/yaml.v2"
  packages = ["."]
  revision = "5420a8b6744d3b0345ab293f6fcba19c978f1183"
  version = "v2.2.1"

[solve-meta]
  analyzer-name = "dep"
  analyzer-version = 1
  inputs-digest = "f10313bcd20b3b3687178582448b9058753a926f20ada4834fa5148246a6de67"
  solver-name = "gps-cdcl"
  solver-version = 1
